Microsoft Visual Studio Solution File, Format Version 12.00
# Visual Studio Version 17
VisualStudioVersion = 17.5.2.0
MinimumVisualStudioVersion = 10.0.40219.1
Project("{FAE04EC0-301F-11D3-BF4B-00C04F79EFBC}") = "Tetris 2", "src/Tetris 2.csproj", "{98D20596-DE6C-B97B-2F81-352B1A20C6E8}"
EndProject
Global
	GlobalSection(SolutionConfigurationPlatforms) = preSolution
		Debug|Any CPU = Debug|Any CPU
		Release|Any CPU = Release|Any CPU
	EndGlobalSection
	GlobalSection(ProjectConfigurationPlatforms) = postSolution
		{98D20596-DE6C-B97B-2F81-352B1A20C6E8}.Debug|Any CPU.ActiveCfg = Debug|Any CPU
		{98D20596-DE6C-B97B-2F81-352B1A20C6E8}.Debug|Any CPU.Build.0 = Debug|Any CPU
		{98D20596-DE6C-B97B-2F81-352B1A20C6E8}.Release|Any CPU.ActiveCfg = Release|Any CPU
		{98D20596-DE6C-B97B-2F81-352B1A20C6E8}.Release|Any CPU.Build.0 = Release|Any CPU
	EndGlobalSection
	GlobalSection(SolutionProperties) = preSolution
		HideSolutionNode = FALSE
	EndGlobalSection
	GlobalSection(ExtensibilityGlobals) = postSolution
		SolutionGuid = {BFDD8157-FCE8-4627-BC42-B642B11F7E44}
	EndGlobalSection
EndGlobal
